
Microsoft Visual Studio Solution File, Format Version 12.00
# Visual Studio Version 17
VisualStudioVersion = 17.8.34330.188
MinimumVisualStudioVersion = 10.0.40219.1
Project("{FAE04EC0-301F-11D3-BF4B-00C04F79EFBC}") = "NorthwindTraders", "NorthwindTraders\NorthwindTraders.csproj", "{7C00446A-108B-4B84-A714-570D4EEEC483}"
EndProject
Global
	GlobalSection(SolutionConfigurationPlatforms) = preSolution
		Debug|Any CPU = Debug|Any CPU
		Release|Any CPU = Release|Any CPU
	EndGlobalSection
	GlobalSection(ProjectConfigurationPlatforms) = postSolution
		{7C00446A-108B-4B84-A714-570D4EEEC483}.Debug|Any CPU.ActiveCfg = Debug|Any CPU
		{7C00446A-108B-4B84-A714-570D4EEEC483}.Debug|Any CPU.Build.0 = Debug|Any CPU
		{7C00446A-108B-4B84-A714-570D4EEEC483}.Release|Any CPU.ActiveCfg = Release|Any CPU
		{7C00446A-108B-4B84-A714-570D4EEEC483}.Release|Any CPU.Build.0 = Release|Any CPU
	EndGlobalSection
	GlobalSection(SolutionProperties) = preSolution
		HideSolutionNode = FALSE
	EndGlobalSection
	GlobalSection(ExtensibilityGlobals) = postSolution
		SolutionGuid = {55921351-CC86-434E-ADBA-8B870E5D179B}
	EndGlobalSection
EndGlobal
